{
  "name": "pkg-bin-doctor",
  "version": "0.1.3",
  "lockfileVersion": 3,
  "requires": true,
  "packages": {
    "": {
      "name": "pkg-bin-doctor",
      "version": "0.1.3",
      "license": "MIT",
      "bin": {
        "pkg-bin-doctor": "bin/pkg-bin-doctor.js"
      },
      "engines": {
        "node": ">=18"
      }
    }
  }
}
